// !$*UTF8*$!
{
	archiveVersion = 1;
	classes = {
	};
	objectVersion = 46;
	objects = {

/* Begin PBXBuildFile section */
		AB25E36716263C54006E0576 /* UIKit.framework in Frameworks */ = {isa = PBXBuildFile; fileRef = AB25E36616263C54006E0576 /* UIKit.framework */; };
		AB25E36916263C54006E0576 /* Foundation.framework in Frameworks */ = {isa = PBXBuildFile; fileRef = AB25E36816263C54006E0576 /* Foundation.framework */; };
		AB25E36B16263C54006E0576 /* CoreGraphics.framework in Frameworks */ = {isa = PBXBuildFile; fileRef = AB25E36A16263C54006E0576 /* CoreGraphics.framework */; };
		AB25E37116263C54006E0576 /* InfoPlist.strings in Resources */ = {isa = PBXBuildFile; fileRef = AB25E36F16263C54006E0576 /* InfoPlist.strings */; };
		AB25E37316263C54006E0576 /* main.m in Sources */ = {isa = PBXBuildFile; fileRef = AB25E37216263C54006E0576 /* main.m */; };
		AB25E37716263C54006E0576 /* AppDelegate.m in Sources */ = {isa = PBXBuildFile; fileRef = AB25E37616263C54006E0576 /* AppDelegate.m */; };
		AB25E37916263C54006E0576 /* Default.png in Resources */ = {isa = PBXBuildFile; fileRef = AB25E37816263C54006E0576 /* Default.png */; };
		AB25E37B16263C54006E0576 /* Default@2x.png in Resources */ = {isa = PBXBuildFile; fileRef = AB25E37A16263C54006E0576 /* Default@2x.png */; };
		AB25E37D16263C54006E0576 /* Default-568h@2x.png in Resources */ = {isa = PBXBuildFile; fileRef = AB25E37C16263C54006E0576 /* Default-568h@2x.png */; };
		AB25E38016263C54006E0576 /* MainStoryboard.storyboard in Resources */ = {isa = PBXBuildFile; fileRef = AB25E37E16263C54006E0576 /* MainStoryboard.storyboard */; };
		AB25E38316263C54006E0576 /* ViewController.m in Sources */ = {isa = PBXBuildFile; fileRef = AB25E38216263C54006E0576 /* ViewController.m */; };
		AB25E38B16264878006E0576 /* LanguageViewController.m in Sources */ = {isa = PBXBuildFile; fileRef = AB25E38A16264878006E0576 /* LanguageViewController.m */; };
		AB25E38E16264A76006E0576 /* TranslateViewController.m in Sources */ = {isa = PBXBuildFile; fileRef = AB25E38D16264A76006E0576 /* TranslateViewController.m */; };
		AB25E39116265427006E0576 /* StaticTableViewController.m in Sources */ = {isa = PBXBuildFile; fileRef = AB25E39016265427006E0576 /* StaticTableViewController.m */; };
		AB25E39416266A54006E0576 /* DynamicTableViewController.m in Sources */ = {isa = PBXBuildFile; fileRef = AB25E39316266A54006E0576 /* DynamicTableViewController.m */; };
		AB25E3981626794F006E0576 /* france.gif in Resources */ = {isa = PBXBuildFile; fileRef = AB25E3951626794F006E0576 /* france.gif */; };
		AB25E3991626794F006E0576 /* germany.gif in Resources */ = {isa = PBXBuildFile; fileRef = AB25E3961626794F006E0576 /* germany.gif */; };
		AB25E39A1626794F006E0576 /* spain.gif in Resources */ = {isa = PBXBuildFile; fileRef = AB25E3971626794F006E0576 /* spain.gif */; };
/* End PBXBuildFile section */

/* Begin PBXFileReference section */
		AB25E36216263C54006E0576 /* Navigation.app */ = {isa = PBXFileReference; explicitFileType = wrapper.application; includeInIndex = 0; path = Navigation.app; sourceTree = BUILT_PRODUCTS_DIR; };
		AB25E36616263C54006E0576 /* UIKit.framework */ = {isa = PBXFileReference; lastKnownFileType = wrapper.framework; name = UIKit.framework; path = System/Library/Frameworks/UIKit.framework; sourceTree = SDKROOT; };
		AB25E36816263C54006E0576 /* Foundation.framework */ = {isa = PBXFileReference; lastKnownFileType = wrapper.framework; name = Foundation.framework; path = System/Library/Frameworks/Foundation.framework; sourceTree = SDKROOT; };
		AB25E36A16263C54006E0576 /* CoreGraphics.framework */ = {isa = PBXFileReference; lastKnownFileType = wrapper.framework; name = CoreGraphics.framework; path = System/Library/Frameworks/CoreGraphics.framework; sourceTree = SDKROOT; };
		AB25E36E16263C54006E0576 /* Navigation-Info.plist */ = {isa = PBXFileReference; lastKnownFileType = text.plist.xml; path = "Navigation-Info.plist"; sourceTree = "<group>"; };
		AB25E37016263C54006E0576 /* en */ = {isa = PBXFileReference; lastKnownFileType = text.plist.strings; name = en; path = en.lproj/InfoPlist.strings; sourceTree = "<group>"; };
		AB25E37216263C54006E0576 /* main.m */ = {isa = PBXFileReference; lastKnownFileType = sourcecode.c.objc; path = main.m; sourceTree = "<group>"; };
		AB25E37416263C54006E0576 /* Navigation-Prefix.pch */ = {isa = PBXFileReference; lastKnownFileType = sourcecode.c.h; path = "Navigation-Prefix.pch"; sourceTree = "<group>"; };
		AB25E37516263C54006E0576 /* AppDelegate.h */ = {isa = PBXFileReference; lastKnownFileType = sourcecode.c.h; path = AppDelegate.h; sourceTree = "<group>"; };
		AB25E37616263C54006E0576 /* AppDelegate.m */ = {isa = PBXFileReference; lastKnownFileType = sourcecode.c.objc; path = AppDelegate.m; sourceTree = "<group>"; };
		AB25E37816263C54006E0576 /* Default.png */ = {isa = PBXFileReference; lastKnownFileType = image.png; path = Default.png; sourceTree = "<group>"; };
		AB25E37A16263C54006E0576 /* Default@2x.png */ = {isa = PBXFileReference; lastKnownFileType = image.png; path = "Default@2x.png"; sourceTree = "<group>"; };
		AB25E37C16263C54006E0576 /* Default-568h@2x.png */ = {isa = PBXFileReference; lastKnownFileType = image.png; path = "Default-568h@2x.png"; sourceTree = "<group>"; };
		AB25E37F16263C54006E0576 /* en */ = {isa = PBXFileReference; lastKnownFileType = file.storyboard; name = en; path = en.lproj/MainStoryboard.storyboard; sourceTree = "<group>"; };
		AB25E38116263C54006E0576 /* ViewController.h */ = {isa = PBXFileReference; lastKnownFileType = sourcecode.c.h; path = ViewController.h; sourceTree = "<group>"; };
		AB25E38216263C54006E0576 /* ViewController.m */ = {isa = PBXFileReference; lastKnownFileType = sourcecode.c.objc; path = ViewController.m; sourceTree = "<group>"; };
		AB25E38916264878006E0576 /* LanguageViewController.h */ = {isa = PBXFileReference; fileEncoding = 4; lastKnownFileType = sourcecode.c.h; path = LanguageViewController.h; sourceTree = "<group>"; };
		AB25E38A16264878006E0576 /* LanguageViewController.m */ = {isa = PBXFileReference; fileEncoding = 4; lastKnownFileType = sourcecode.c.objc; path = LanguageViewController.m; sourceTree = "<group>"; };
		AB25E38C16264A76006E0576 /* TranslateViewController.h */ = {isa = PBXFileReference; fileEncoding = 4; lastKnownFileType = sourcecode.c.h; path = TranslateViewController.h; sourceTree = "<group>"; };
		AB25E38D16264A76006E0576 /* TranslateViewController.m */ = {isa = PBXFileReference; fileEncoding = 4; lastKnownFileType = sourcecode.c.objc; path = TranslateViewController.m; sourceTree = "<group>"; };
		AB25E38F16265427006E0576 /* StaticTableViewController.h */ = {isa = PBXFileReference; fileEncoding = 4; lastKnownFileType = sourcecode.c.h; path = StaticTableViewController.h; sourceTree = "<group>"; };
		AB25E39016265427006E0576 /* StaticTableViewController.m */ = {isa = PBXFileReference; fileEncoding = 4; lastKnownFileType = sourcecode.c.objc; path = StaticTableViewController.m; sourceTree = "<group>"; };
		AB25E39216266A54006E0576 /* DynamicTableViewController.h */ = {isa = PBXFileReference; fileEncoding = 4; lastKnownFileType = sourcecode.c.h; path = DynamicTableViewController.h; sourceTree = "<group>"; };
		AB25E39316266A54006E0576 /* DynamicTableViewController.m */ = {isa = PBXFileReference; fileEncoding = 4; lastKnownFileType = sourcecode.c.objc; path = DynamicTableViewController.m; sourceTree = "<group>"; };
		AB25E3951626794F006E0576 /* france.gif */ = {isa = PBXFileReference; lastKnownFileType = image.gif; name = france.gif; path = "../../../../Downloads/ios/NavigationModule 2/NavigationModule/france.gif"; sourceTree = "<group>"; };
		AB25E3961626794F006E0576 /* germany.gif */ = {isa = PBXFileReference; lastKnownFileType = image.gif; name = germany.gif; path = "../../../../Downloads/ios/NavigationModule 2/NavigationModule/germany.gif"; sourceTree = "<group>"; };
		AB25E3971626794F006E0576 /* spain.gif */ = {isa = PBXFileReference; lastKnownFileType = image.gif; name = spain.gif; path = "../../../../Downloads/ios/NavigationModule 2/NavigationModule/spain.gif"; sourceTree = "<group>"; };
/* End PBXFileReference section */

/* Begin PBXFrameworksBuildPhase section */
		AB25E35F16263C54006E0576 /* Frameworks */ = {
			isa = PBXFrameworksBuildPhase;
			buildActionMask = 2147483647;
			files = (
				AB25E36716263C54006E0576 /* UIKit.framework in Frameworks */,
				AB25E36916263C54006E0576 /* Foundation.framework in Frameworks */,
				AB25E36B16263C54006E0576 /* CoreGraphics.framework in Frameworks */,
			);
			runOnlyForDeploymentPostprocessing = 0;
		};
/* End PBXFrameworksBuildPhase section */

/* Begin PBXGroup section */
		AB25E35716263C54006E0576 = {
			isa = PBXGroup;
			children = (
				AB25E36C16263C54006E0576 /* Navigation */,
				AB25E36516263C54006E0576 /* Frameworks */,
				AB25E36316263C54006E0576 /* Products */,
			);
			sourceTree = "<group>";
		};
		AB25E36316263C54006E0576 /* Products */ = {
			isa = PBXGroup;
			children = (
				AB25E36216263C54006E0576 /* Navigation.app */,
			);
			name = Products;
			sourceTree = "<group>";
		};
		AB25E36516263C54006E0576 /* Frameworks */ = {
			isa = PBXGroup;
			children = (
				AB25E36616263C54006E0576 /* UIKit.framework */,
				AB25E36816263C54006E0576 /* Foundation.framework */,
				AB25E36A16263C54006E0576 /* CoreGraphics.framework */,
			);
			name = Frameworks;
			sourceTree = "<group>";
		};
		AB25E36C16263C54006E0576 /* Navigation */ = {
			isa = PBXGroup;
			children = (
				AB25E37516263C54006E0576 /* AppDelegate.h */,
				AB25E37616263C54006E0576 /* AppDelegate.m */,
				AB25E37E16263C54006E0576 /* MainStoryboard.storyboard */,
				AB25E39216266A54006E0576 /* DynamicTableViewController.h */,
				AB25E39316266A54006E0576 /* DynamicTableViewController.m */,
				AB25E38F16265427006E0576 /* StaticTableViewController.h */,
				AB25E39016265427006E0576 /* StaticTableViewController.m */,
				AB25E38916264878006E0576 /* LanguageViewController.h */,
				AB25E38A16264878006E0576 /* LanguageViewController.m */,
				AB25E38C16264A76006E0576 /* TranslateViewController.h */,
				AB25E38D16264A76006E0576 /* TranslateViewController.m */,
				AB25E38116263C54006E0576 /* ViewController.h */,
				AB25E38216263C54006E0576 /* ViewController.m */,
				AB25E36D16263C54006E0576 /* Supporting Files */,
			);
			path = Navigation;
			sourceTree = "<group>";
		};
		AB25E36D16263C54006E0576 /* Supporting Files */ = {
			isa = PBXGroup;
			children = (
				AB25E3951626794F006E0576 /* france.gif */,
				AB25E3961626794F006E0576 /* germany.gif */,
				AB25E3971626794F006E0576 /* spain.gif */,
				AB25E36E16263C54006E0576 /* Navigation-Info.plist */,
				AB25E36F16263C54006E0576 /* InfoPlist.strings */,
				AB25E37216263C54006E0576 /* main.m */,
				AB25E37416263C54006E0576 /* Navigation-Prefix.pch */,
				AB25E37816263C54006E0576 /* Default.png */,
				AB25E37A16263C54006E0576 /* Default@2x.png */,
				AB25E37C16263C54006E0576 /* Default-568h@2x.png */,
			);
			name = "Supporting Files";
			sourceTree = "<group>";
		};
/* End PBXGroup section */

/* Begin PBXNativeTarget section */
		AB25E36116263C54006E0576 /* Navigation */ = {
			isa = PBXNativeTarget;
			buildConfigurationList = AB25E38616263C54006E0576 /* Build configuration list for PBXNativeTarget "Navigation" */;
			buildPhases = (
				AB25E35E16263C54006E0576 /* Sources */,
				AB25E35F16263C54006E0576 /* Frameworks */,
				AB25E36016263C54006E0576 /* Resources */,
			);
			buildRules = (
			);
			dependencies = (
			);
			name = Navigation;
			productName = Navigation;
			productReference = AB25E36216263C54006E0576 /* Navigation.app */;
			productType = "com.apple.product-type.application";
		};
/* End PBXNativeTarget section */

/* Begin PBXProject section */
		AB25E35916263C54006E0576 /* Project object */ = {
			isa = PBXProject;
			attributes = {
				LastUpgradeCheck = 0450;
				ORGANIZATIONNAME = prism;
			};
			buildConfigurationList = AB25E35C16263C54006E0576 /* Build configuration list for PBXProject "Navigation" */;
			compatibilityVersion = "Xcode 3.2";
			developmentRegion = English;
			hasScannedForEncodings = 0;
			knownRegions = (
				en,
			);
			mainGroup = AB25E35716263C54006E0576;
			productRefGroup = AB25E36316263C54006E0576 /* Products */;
			projectDirPath = "";
			projectRoot = "";
			targets = (
				AB25E36116263C54006E0576 /* Navigation */,
			);
		};
/* End PBXProject section */

/* Begin PBXResourcesBuildPhase section */
		AB25E36016263C54006E0576 /* Resources */ = {
			isa = PBXResourcesBuildPhase;
			buildActionMask = 2147483647;
			files = (
				AB25E37116263C54006E0576 /* InfoPlist.strings in Resources */,
				AB25E37916263C54006E0576 /* Default.png in Resources */,
				AB25E37B16263C54006E0576 /* Default@2x.png in Resources */,
				AB25E37D16263C54006E0576 /* Default-568h@2x.png in Resources */,
				AB25E38016263C54006E0576 /* MainStoryboard.storyboard in Resources */,
				AB25E3981626794F006E0576 /* france.gif in Resources */,
				AB25E3991626794F006E0576 /* germany.gif in Resources */,
				AB25E39A1626794F006E0576 /* spain.gif in Resources */,
			);
			runOnlyForDeploymentPostprocessing = 0;
		};
/* End PBXResourcesBuildPhase section */

/* Begin PBXSourcesBuildPhase section */
		AB25E35E16263C54006E0576 /* Sources */ = {
			isa = PBXSourcesBuildPhase;
			buildActionMask = 2147483647;
			files = (
				AB25E37316263C54006E0576 /* main.m in Sources */,
				AB25E37716263C54006E0576 /* AppDelegate.m in Sources */,
				AB25E38316263C54006E0576 /* ViewController.m in Sources */,
				AB25E38B16264878006E0576 /* LanguageViewController.m in Sources */,
				AB25E38E16264A76006E0576 /* TranslateViewController.m in Sources */,
				AB25E39116265427006E0576 /* StaticTableViewController.m in Sources */,
				AB25E39416266A54006E0576 /* DynamicTableViewController.m in Sources */,
			);
			runOnlyForDeploymentPostprocessing = 0;
		};
/* End PBXSourcesBuildPhase section */

/* Begin PBXVariantGroup section */
		AB25E36F16263C54006E0576 /* InfoPlist.strings */ = {
			isa = PBXVariantGroup;
			children = (
				AB25E37016263C54006E0576 /* en */,
			);
			name = InfoPlist.strings;
			sourceTree = "<group>";
		};
		AB25E37E16263C54006E0576 /* MainStoryboard.storyboard */ = {
			isa = PBXVariantGroup;
			children = (
				AB25E37F16263C54006E0576 /* en */,
			);
			name = MainStoryboard.storyboard;
			sourceTree = "<group>";
		};
/* End PBXVariantGroup section */

/* Begin XCBuildConfiguration section */
		AB25E38416263C54006E0576 /* Debug */ = {
			isa = XCBuildConfiguration;
			buildSettings = {
				ALWAYS_SEARCH_USER_PATHS = NO;
				CLANG_CXX_LANGUAGE_STANDARD = "gnu++0x";
				CLANG_CXX_LIBRARY = "libc++";
				CLANG_ENABLE_OBJC_ARC = YES;
				CLANG_WARN_EMPTY_BODY = YES;
				CLANG_WARN__DUPLICATE_METHOD_MATCH = YES;
				"CODE_SIGN_IDENTITY[sdk=iphoneos*]" = "iPhone Developer";
				COPY_PHASE_STRIP = NO;
				GCC_C_LANGUAGE_STANDARD = gnu99;
				GCC_DYNAMIC_NO_PIC = NO;
				GCC_OPTIMIZATION_LEVEL = 0;
				GCC_PREPROCESSOR_DEFINITIONS = (
					"DEBUG=1",
					"$(inherited)",
				);
				GCC_SYMBOLS_PRIVATE_EXTERN = NO;
				GCC_WARN_ABOUT_RETURN_TYPE = YES;
				GCC_WARN_UNINITIALIZED_AUTOS = YES;
				GCC_WARN_UNUSED_VARIABLE = YES;
				IPHONEOS_DEPLOYMENT_TARGET = 6.0;
				ONLY_ACTIVE_ARCH = YES;
				SDKROOT = iphoneos;
			};
			name = Debug;
		};
		AB25E38516263C54006E0576 /* Release */ = {
			isa = XCBuildConfiguration;
			buildSettings = {
				ALWAYS_SEARCH_USER_PATHS = NO;
				CLANG_CXX_LANGUAGE_STANDARD = "gnu++0x";
				CLANG_CXX_LIBRARY = "libc++";
				CLANG_ENABLE_OBJC_ARC = YES;
				CLANG_WARN_EMPTY_BODY = YES;
				CLANG_WARN__DUPLICATE_METHOD_MATCH = YES;
				"CODE_SIGN_IDENTITY[sdk=iphoneos*]" = "iPhone Developer";
				COPY_PHASE_STRIP = YES;
				GCC_C_LANGUAGE_STANDARD = gnu99;
				GCC_WARN_ABOUT_RETURN_TYPE = YES;
				GCC_WARN_UNINITIALIZED_AUTOS = YES;
				GCC_WARN_UNUSED_VARIABLE = YES;
				IPHONEOS_DEPLOYMENT_TARGET = 6.0;
				OTHER_CFLAGS = "-DNS_BLOCK_ASSERTIONS=1";
				SDKROOT = iphoneos;
				VALIDATE_PRODUCT = YES;
			};
			name = Release;
		};
		AB25E38716263C54006E0576 /* Debug */ = {
			isa = XCBuildConfiguration;
			buildSettings = {
				GCC_PRECOMPILE_PREFIX_HEADER = YES;
				GCC_PREFIX_HEADER = "Navigation/Navigation-Prefix.pch";
				INFOPLIST_FILE = "Navigation/Navigation-Info.plist";
				PRODUCT_NAME = "$(TARGET_NAME)";
				WRAPPER_EXTENSION = app;
			};
			name = Debug;
		};
		AB25E38816263C54006E0576 /* Release */ = {
			isa = XCBuildConfiguration;
			buildSettings = {
				GCC_PRECOMPILE_PREFIX_HEADER = YES;
				GCC_PREFIX_HEADER = "Navigation/Navigation-Prefix.pch";
				INFOPLIST_FILE = "Navigation/Navigation-Info.plist";
				PRODUCT_NAME = "$(TARGET_NAME)";
				WRAPPER_EXTENSION = app;
			};
			name = Release;
		};
/* End XCBuildConfiguration section */

/* Begin XCConfigurationList section */
		AB25E35C16263C54006E0576 /* Build configuration list for PBXProject "Navigation" */ = {
			isa = XCConfigurationList;
			buildConfigurations = (
				AB25E38416263C54006E0576 /* Debug */,
				AB25E38516263C54006E0576 /* Release */,
			);
			defaultConfigurationIsVisible = 0;
			defaultConfigurationName = Release;
		};
		AB25E38616263C54006E0576 /* Build configuration list for PBXNativeTarget "Navigation" */ = {
			isa = XCConfigurationList;
			buildConfigurations = (
				AB25E38716263C54006E0576 /* Debug */,
				AB25E38816263C54006E0576 /* Release */,
			);
			defaultConfigurationIsVisible = 0;
		};
/* End XCConfigurationList section */
	};
	rootObject = AB25E35916263C54006E0576 /* Project object */;
}
